
Microsoft Visual Studio Solution File, Format Version 12.00
# Visual Studio 15
VisualStudioVersion = 15.0.26430.14
MinimumVisualStudioVersion = 10.0.40219.1
Project("{FAE04EC0-301F-11D3-BF4B-00C04F79EFBC}") = "SportRatingAPI", "SportRating\SportRatingAPI.csproj", "{9E761E9C-C9A5-4E33-98F2-FEAC2C0F9A69}"
EndProject
Project("{FAE04EC0-301F-11D3-BF4B-00C04F79EFBC}") = "DB", "DB\DB.csproj", "{AA2929FC-C7DF-42D4-97B8-82AA168A628C}"
EndProject
Project("{FAE04EC0-301F-11D3-BF4B-00C04F79EFBC}") = "DAL", "DAL\DAL.csproj", "{3473BCEE-8651-4225-BCEC-642C31F81284}"
EndProject
Global
	GlobalSection(SolutionConfigurationPlatforms) = preSolution
		Debug|Any CPU = Debug|Any CPU
		Release|Any CPU = Release|Any CPU
	EndGlobalSection
	GlobalSection(ProjectConfigurationPlatforms) = postSolution
		{9E761E9C-C9A5-4E33-98F2-FEAC2C0F9A69}.Debug|Any CPU.ActiveCfg = Debug|Any CPU
		{9E761E9C-C9A5-4E33-98F2-FEAC2C0F9A69}.Debug|Any CPU.Build.0 = Debug|Any CPU
		{9E761E9C-C9A5-4E33-98F2-FEAC2C0F9A69}.Release|Any CPU.ActiveCfg = Release|Any CPU
		{9E761E9C-C9A5-4E33-98F2-FEAC2C0F9A69}.Release|Any CPU.Build.0 = Release|Any CPU
		{AA2929FC-C7DF-42D4-97B8-82AA168A628C}.Debug|Any CPU.ActiveCfg = Debug|Any CPU
		{AA2929FC-C7DF-42D4-97B8-82AA168A628C}.Debug|Any CPU.Build.0 = Debug|Any CPU
		{AA2929FC-C7DF-42D4-97B8-82AA168A628C}.Release|Any CPU.ActiveCfg = Release|Any CPU
		{AA2929FC-C7DF-42D4-97B8-82AA168A628C}.Release|Any CPU.Build.0 = Release|Any CPU
		{3473BCEE-8651-4225-BCEC-642C31F81284}.Debug|Any CPU.ActiveCfg = Debug|Any CPU
		{3473BCEE-8651-4225-BCEC-642C31F81284}.Debug|Any CPU.Build.0 = Debug|Any CPU
		{3473BCEE-8651-4225-BCEC-642C31F81284}.Release|Any CPU.ActiveCfg = Release|Any CPU
		{3473BCEE-8651-4225-BCEC-642C31F81284}.Release|Any CPU.Build.0 = Release|Any CPU
	EndGlobalSection
	GlobalSection(SolutionProperties) = preSolution
		HideSolutionNode = FALSE
	EndGlobalSection
EndGlobal
