
Microsoft Visual Studio Solution File, Format Version 12.00
# Visual Studio 15
VisualStudioVersion = 15.0.26430.14
MinimumVisualStudioVersion = 10.0.40219.1
Project("{FAE04EC0-301F-11D3-BF4B-00C04F79EFBC}") = "SportRatingAPI", "SportRating\SportRatingAPI.csproj", "{9E761E9C-C9A5-4E33-98F2-FEAC2C0F9A69}"
EndProject
Project("{FAE04EC0-301F-11D3-BF4B-00C04F79EFBC}") = "DB", "DB\DB.csproj", "{AA2929FC-C7DF-42D4-97B8-82AA168A628C}"
EndProject
Project("{FAE04EC0-301F-11D3-BF4B-00C04F79EFBC}") = "DAL", "DAL\DAL.csproj", "{3473BCEE-8651-4225-BCEC-642C31F81284}"
EndProject
Project("{FAE04EC0-301F-11D3-BF4B-00C04F79EFBC}") = "DTOs", "DTOs\DTOs.csproj", "{C80F7B24-467C-408E-A8A8-B24D079EB464}"
EndProject
Project("{FAE04EC0-301F-11D3-BF4B-00C04F79EFBC}") = "CCTService", "CCTService\CCTService.csproj", "{DA8CCCB6-8740-4947-9038-96D37E23A1B2}"
EndProject
Project("{FAE04EC0-301F-11D3-BF4B-00C04F79EFBC}") = "ServicesHelper", "ServicesHelper\ServicesHelper.csproj", "{DD5E0159-C7F9-42A5-84DE-19DA556D6F1B}"
EndProject
Project("{9A19103F-16F7-4668-BE54-9A1E7A4F7556}") = "Interfaces", "Interfaces\Interfaces.csproj", "{835D710B-9997-43C1-838B-2A27C888B9EC}"
EndProject
Project("{FAE04EC0-301F-11D3-BF4B-00C04F79EFBC}") = "Api.Test", "Api.Test\Api.Test.csproj", "{247A30C8-BAFF-463D-B70C-D7EEC017B3BA}"
EndProject
Global
	GlobalSection(SolutionConfigurationPlatforms) = preSolution
		Debug|Any CPU = Debug|Any CPU
		Release|Any CPU = Release|Any CPU
	EndGlobalSection
	GlobalSection(ProjectConfigurationPlatforms) = postSolution
		{9E761E9C-C9A5-4E33-98F2-FEAC2C0F9A69}.Debug|Any CPU.ActiveCfg = Debug|Any CPU
		{9E761E9C-C9A5-4E33-98F2-FEAC2C0F9A69}.Debug|Any CPU.Build.0 = Debug|Any CPU
		{9E761E9C-C9A5-4E33-98F2-FEAC2C0F9A69}.Release|Any CPU.ActiveCfg = Release|Any CPU
		{9E761E9C-C9A5-4E33-98F2-FEAC2C0F9A69}.Release|Any CPU.Build.0 = Release|Any CPU
		{AA2929FC-C7DF-42D4-97B8-82AA168A628C}.Debug|Any CPU.ActiveCfg = Debug|Any CPU
		{AA2929FC-C7DF-42D4-97B8-82AA168A628C}.Debug|Any CPU.Build.0 = Debug|Any CPU
		{AA2929FC-C7DF-42D4-97B8-82AA168A628C}.Release|Any CPU.ActiveCfg = Release|Any CPU
		{AA2929FC-C7DF-42D4-97B8-82AA168A628C}.Release|Any CPU.Build.0 = Release|Any CPU
		{3473BCEE-8651-4225-BCEC-642C31F81284}.Debug|Any CPU.ActiveCfg = Debug|Any CPU
		{3473BCEE-8651-4225-BCEC-642C31F81284}.Debug|Any CPU.Build.0 = Debug|Any CPU
		{3473BCEE-8651-4225-BCEC-642C31F81284}.Release|Any CPU.ActiveCfg = Release|Any CPU
		{3473BCEE-8651-4225-BCEC-642C31F81284}.Release|Any CPU.Build.0 = Release|Any CPU
		{C80F7B24-467C-408E-A8A8-B24D079EB464}.Debug|Any CPU.ActiveCfg = Debug|Any CPU
		{C80F7B24-467C-408E-A8A8-B24D079EB464}.Debug|Any CPU.Build.0 = Debug|Any CPU
		{C80F7B24-467C-408E-A8A8-B24D079EB464}.Release|Any CPU.ActiveCfg = Release|Any CPU
		{C80F7B24-467C-408E-A8A8-B24D079EB464}.Release|Any CPU.Build.0 = Release|Any CPU
		{DA8CCCB6-8740-4947-9038-96D37E23A1B2}.Debug|Any CPU.ActiveCfg = Debug|Any CPU
		{DA8CCCB6-8740-4947-9038-96D37E23A1B2}.Debug|Any CPU.Build.0 = Debug|Any CPU
		{DA8CCCB6-8740-4947-9038-96D37E23A1B2}.Release|Any CPU.ActiveCfg = Release|Any CPU
		{DA8CCCB6-8740-4947-9038-96D37E23A1B2}.Release|Any CPU.Build.0 = Release|Any CPU
		{DD5E0159-C7F9-42A5-84DE-19DA556D6F1B}.Debug|Any CPU.ActiveCfg = Debug|Any CPU
		{DD5E0159-C7F9-42A5-84DE-19DA556D6F1B}.Debug|Any CPU.Build.0 = Debug|Any CPU
		{DD5E0159-C7F9-42A5-84DE-19DA556D6F1B}.Release|Any CPU.ActiveCfg = Release|Any CPU
		{DD5E0159-C7F9-42A5-84DE-19DA556D6F1B}.Release|Any CPU.Build.0 = Release|Any CPU
		{835D710B-9997-43C1-838B-2A27C888B9EC}.Debug|Any CPU.ActiveCfg = Debug|Any CPU
		{835D710B-9997-43C1-838B-2A27C888B9EC}.Debug|Any CPU.Build.0 = Debug|Any CPU
		{835D710B-9997-43C1-838B-2A27C888B9EC}.Release|Any CPU.ActiveCfg = Release|Any CPU
		{835D710B-9997-43C1-838B-2A27C888B9EC}.Release|Any CPU.Build.0 = Release|Any CPU
		{247A30C8-BAFF-463D-B70C-D7EEC017B3BA}.Debug|Any CPU.ActiveCfg = Debug|Any CPU
		{247A30C8-BAFF-463D-B70C-D7EEC017B3BA}.Debug|Any CPU.Build.0 = Debug|Any CPU
		{247A30C8-BAFF-463D-B70C-D7EEC017B3BA}.Release|Any CPU.ActiveCfg = Release|Any CPU
		{247A30C8-BAFF-463D-B70C-D7EEC017B3BA}.Release|Any CPU.Build.0 = Release|Any CPU
	EndGlobalSection
	GlobalSection(SolutionProperties) = preSolution
		HideSolutionNode = FALSE
	EndGlobalSection
EndGlobal
